
Microsoft Visual Studio Solution File, Format Version 12.00
# Visual Studio 15
VisualStudioVersion = 15.0.26228.4
MinimumVisualStudioVersion = 10.0.40219.1
Project("{FAE04EC0-301F-11D3-BF4B-00C04F79EFBC}") = "RuleEngine", "RuleEngine\RuleEngine.csproj", "{C4C651A9-3B90-42CE-A89B-DA5900013DE3}"
EndProject
Project("{00D1A9C2-B5F0-4AF3-8072-F6C62B433612}") = "RuleEngine.Person.Database", "RuleEngine.Person.Database\RuleEngine.Person.Database.sqlproj", "{7068A17D-1F6E-44BB-BCC7-43F1A5E5F278}"
EndProject
Project("{FAE04EC0-301F-11D3-BF4B-00C04F79EFBC}") = "RuleEngine.Person.Domain", "RuleEngine.Person.Domain\RuleEngine.Person.Domain.csproj", "{D0F08F63-8F2F-4FFF-BC9D-9F7936451524}"
EndProject
Project("{FAE04EC0-301F-11D3-BF4B-00C04F79EFBC}") = "RuleEngine.Person.Rules.Tests", "RuleEngine.Person.Rules.Tests\RuleEngine.Person.Rules.Tests.csproj", "{F6FA8609-37E7-401C-A5B7-77193C748E41}"
EndProject
Project("{FAE04EC0-301F-11D3-BF4B-00C04F79EFBC}") = "RuleEngine.Person.Rules", "RuleEngine.Person.Rules\RuleEngine.Person.Rules.csproj", "{163C8743-D973-4338-B34C-86F5BD73CA89}"
EndProject
Global
	GlobalSection(SolutionConfigurationPlatforms) = preSolution
		Debug|Any CPU = Debug|Any CPU
		Release|Any CPU = Release|Any CPU
	EndGlobalSection
	GlobalSection(ProjectConfigurationPlatforms) = postSolution
		{C4C651A9-3B90-42CE-A89B-DA5900013DE3}.Debug|Any CPU.ActiveCfg = Debug|Any CPU
		{C4C651A9-3B90-42CE-A89B-DA5900013DE3}.Debug|Any CPU.Build.0 = Debug|Any CPU
		{C4C651A9-3B90-42CE-A89B-DA5900013DE3}.Release|Any CPU.ActiveCfg = Release|Any CPU
		{C4C651A9-3B90-42CE-A89B-DA5900013DE3}.Release|Any CPU.Build.0 = Release|Any CPU
		{7068A17D-1F6E-44BB-BCC7-43F1A5E5F278}.Debug|Any CPU.ActiveCfg = Debug|Any CPU
		{7068A17D-1F6E-44BB-BCC7-43F1A5E5F278}.Debug|Any CPU.Build.0 = Debug|Any CPU
		{7068A17D-1F6E-44BB-BCC7-43F1A5E5F278}.Debug|Any CPU.Deploy.0 = Debug|Any CPU
		{7068A17D-1F6E-44BB-BCC7-43F1A5E5F278}.Release|Any CPU.ActiveCfg = Release|Any CPU
		{7068A17D-1F6E-44BB-BCC7-43F1A5E5F278}.Release|Any CPU.Build.0 = Release|Any CPU
		{7068A17D-1F6E-44BB-BCC7-43F1A5E5F278}.Release|Any CPU.Deploy.0 = Release|Any CPU
		{D0F08F63-8F2F-4FFF-BC9D-9F7936451524}.Debug|Any CPU.ActiveCfg = Debug|Any CPU
		{D0F08F63-8F2F-4FFF-BC9D-9F7936451524}.Debug|Any CPU.Build.0 = Debug|Any CPU
		{D0F08F63-8F2F-4FFF-BC9D-9F7936451524}.Release|Any CPU.ActiveCfg = Release|Any CPU
		{D0F08F63-8F2F-4FFF-BC9D-9F7936451524}.Release|Any CPU.Build.0 = Release|Any CPU
		{F6FA8609-37E7-401C-A5B7-77193C748E41}.Debug|Any CPU.ActiveCfg = Debug|Any CPU
		{F6FA8609-37E7-401C-A5B7-77193C748E41}.Debug|Any CPU.Build.0 = Debug|Any CPU
		{F6FA8609-37E7-401C-A5B7-77193C748E41}.Release|Any CPU.ActiveCfg = Release|Any CPU
		{F6FA8609-37E7-401C-A5B7-77193C748E41}.Release|Any CPU.Build.0 = Release|Any CPU
		{163C8743-D973-4338-B34C-86F5BD73CA89}.Debug|Any CPU.ActiveCfg = Debug|Any CPU
		{163C8743-D973-4338-B34C-86F5BD73CA89}.Debug|Any CPU.Build.0 = Debug|Any CPU
		{163C8743-D973-4338-B34C-86F5BD73CA89}.Release|Any CPU.ActiveCfg = Release|Any CPU
		{163C8743-D973-4338-B34C-86F5BD73CA89}.Release|Any CPU.Build.0 = Release|Any CPU
	EndGlobalSection
	GlobalSection(SolutionProperties) = preSolution
		HideSolutionNode = FALSE
	EndGlobalSection
EndGlobal
